// !$*UTF8*$!
{
	archiveVersion = 1;
	classes = {
	};
	objectVersion = 50;
	objects = {

/* Begin PBXBuildFile section */
		9B36B1A525E4B02F008671E5 /* AppDelegate.swift in Sources */ = {isa = PBXBuildFile; fileRef = 9B36B1A425E4B02F008671E5 /* AppDelegate.swift */; };
		9B36B1A725E4B02F008671E5 /* SceneDelegate.swift in Sources */ = {isa = PBXBuildFile; fileRef = 9B36B1A625E4B02F008671E5 /* SceneDelegate.swift */; };
		9B36B1A925E4B02F008671E5 /* SelfieDetailViewController.swift in Sources */ = {isa = PBXBuildFile; fileRef = 9B36B1A825E4B02F008671E5 /* SelfieDetailViewController.swift */; };
		9B36B1AC25E4B02F008671E5 /* Main.storyboard in Resources */ = {isa = PBXBuildFile; fileRef = 9B36B1AA25E4B02F008671E5 /* Main.storyboard */; };
		9B36B1AE25E4B033008671E5 /* Assets.xcassets in Resources */ = {isa = PBXBuildFile; fileRef = 9B36B1AD25E4B033008671E5 /* Assets.xcassets */; };
		9B36B1B125E4B033008671E5 /* LaunchScreen.storyboard in Resources */ = {isa = PBXBuildFile; fileRef = 9B36B1AF25E4B033008671E5 /* LaunchScreen.storyboard */; };
		9B36B1BC25E4B034008671E5 /* basic_swift_appTests.swift in Sources */ = {isa = PBXBuildFile; fileRef = 9B36B1BB25E4B034008671E5 /* basic_swift_appTests.swift */; };
		9B36B1C725E4B034008671E5 /* basic_swift_appUITests.swift in Sources */ = {isa = PBXBuildFile; fileRef = 9B36B1C625E4B034008671E5 /* basic_swift_appUITests.swift */; };
		9B36B1D825E4B121008671E5 /* SelfieStore.swift in Sources */ = {isa = PBXBuildFile; fileRef = 9B36B1D725E4B120008671E5 /* SelfieStore.swift */; };
		9B36B1E725E4B1E3008671E5 /* SelfieStoreTests.swift in Sources */ = {isa = PBXBuildFile; fileRef = 9B36B1E625E4B1E3008671E5 /* SelfieStoreTests.swift */; };
		9B36B1F825E4B30F008671E5 /* SelfieListViewController.swift in Sources */ = {isa = PBXBuildFile; fileRef = 9B36B1F725E4B30F008671E5 /* SelfieListViewController.swift */; };
/* End PBXBuildFile section */

/* Begin PBXContainerItemProxy section */
		9B36B1B825E4B034008671E5 /* PBXContainerItemProxy */ = {
			isa = PBXContainerItemProxy;
			containerPortal = 9B36B19925E4B02F008671E5 /* Project object */;
			proxyType = 1;
			remoteGlobalIDString = 9B36B1A025E4B02F008671E5;
			remoteInfo = "basic-swift-app";
		};
		9B36B1C325E4B034008671E5 /* PBXContainerItemProxy */ = {
			isa = PBXContainerItemProxy;
			containerPortal = 9B36B19925E4B02F008671E5 /* Project object */;
			proxyType = 1;
			remoteGlobalIDString = 9B36B1A025E4B02F008671E5;
			remoteInfo = "basic-swift-app";
		};
/* End PBXContainerItemProxy section */

/* Begin PBXFileReference section */
		9B36B1A125E4B02F008671E5 /* basic-swift-app.app */ = {isa = PBXFileReference; explicitFileType = wrapper.application; includeInIndex = 0; path = "basic-swift-app.app"; sourceTree = BUILT_PRODUCTS_DIR; };
		9B36B1A425E4B02F008671E5 /* AppDelegate.swift */ = {isa = PBXFileReference; lastKnownFileType = sourcecode.swift; path = AppDelegate.swift; sourceTree = "<group>"; };
		9B36B1A625E4B02F008671E5 /* SceneDelegate.swift */ = {isa = PBXFileReference; lastKnownFileType = sourcecode.swift; path = SceneDelegate.swift; sourceTree = "<group>"; };
		9B36B1A825E4B02F008671E5 /* SelfieDetailViewController.swift */ = {isa = PBXFileReference; lastKnownFileType = sourcecode.swift; path = SelfieDetailViewController.swift; sourceTree = "<group>"; };
		9B36B1AB25E4B02F008671E5 /* Base */ = {isa = PBXFileReference; lastKnownFileType = file.storyboard; name = Base; path = Base.lproj/Main.storyboard; sourceTree = "<group>"; };
		9B36B1AD25E4B033008671E5 /* Assets.xcassets */ = {isa = PBXFileReference; lastKnownFileType = folder.assetcatalog; path = Assets.xcassets; sourceTree = "<group>"; };
		9B36B1B025E4B033008671E5 /* Base */ = {isa = PBXFileReference; lastKnownFileType = file.storyboard; name = Base; path = Base.lproj/LaunchScreen.storyboard; sourceTree = "<group>"; };
		9B36B1B225E4B033008671E5 /* Info.plist */ = {isa = PBXFileReference; lastKnownFileType = text.plist.xml; path = Info.plist; sourceTree = "<group>"; };
		9B36B1B725E4B034008671E5 /* basic-swift-appTests.xctest */ = {isa = PBXFileReference; explicitFileType = wrapper.cfbundle; includeInIndex = 0; path = "basic-swift-appTests.xctest"; sourceTree = BUILT_PRODUCTS_DIR; };
		9B36B1BB25E4B034008671E5 /* basic_swift_appTests.swift */ = {isa = PBXFileReference; lastKnownFileType = sourcecode.swift; path = basic_swift_appTests.swift; sourceTree = "<group>"; };
		9B36B1BD25E4B034008671E5 /* Info.plist */ = {isa = PBXFileReference; lastKnownFileType = text.plist.xml; path = Info.plist; sourceTree = "<group>"; };
		9B36B1C225E4B034008671E5 /* basic-swift-appUITests.xctest */ = {isa = PBXFileReference; explicitFileType = wrapper.cfbundle; includeInIndex = 0; path = "basic-swift-appUITests.xctest"; sourceTree = BUILT_PRODUCTS_DIR; };
		9B36B1C625E4B034008671E5 /* basic_swift_appUITests.swift */ = {isa = PBXFileReference; lastKnownFileType = sourcecode.swift; path = basic_swift_appUITests.swift; sourceTree = "<group>"; };
		9B36B1C825E4B034008671E5 /* Info.plist */ = {isa = PBXFileReference; lastKnownFileType = text.plist.xml; path = Info.plist; sourceTree = "<group>"; };
		9B36B1D725E4B120008671E5 /* SelfieStore.swift */ = {isa = PBXFileReference; lastKnownFileType = sourcecode.swift; path = SelfieStore.swift; sourceTree = "<group>"; };
		9B36B1E625E4B1E3008671E5 /* SelfieStoreTests.swift */ = {isa = PBXFileReference; lastKnownFileType = sourcecode.swift; path = SelfieStoreTests.swift; sourceTree = "<group>"; };
		9B36B1F725E4B30F008671E5 /* SelfieListViewController.swift */ = {isa = PBXFileReference; lastKnownFileType = sourcecode.swift; path = SelfieListViewController.swift; sourceTree = "<group>"; };
/* End PBXFileReference section */

/* Begin PBXFrameworksBuildPhase section */
		9B36B19E25E4B02F008671E5 /* Frameworks */ = {
			isa = PBXFrameworksBuildPhase;
			buildActionMask = 2147483647;
			files = (
			);
			runOnlyForDeploymentPostprocessing = 0;
		};
		9B36B1B425E4B034008671E5 /* Frameworks */ = {
			isa = PBXFrameworksBuildPhase;
			buildActionMask = 2147483647;
			files = (
			);
			runOnlyForDeploymentPostprocessing = 0;
		};
		9B36B1BF25E4B034008671E5 /* Frameworks */ = {
			isa = PBXFrameworksBuildPhase;
			buildActionMask = 2147483647;
			files = (
			);
			runOnlyForDeploymentPostprocessing = 0;
		};
/* End PBXFrameworksBuildPhase section */

/* Begin PBXGroup section */
		9B36B19825E4B02F008671E5 = {
			isa = PBXGroup;
			children = (
				9B36B1A325E4B02F008671E5 /* basic-swift-app */,
				9B36B1BA25E4B034008671E5 /* basic-swift-appTests */,
				9B36B1C525E4B034008671E5 /* basic-swift-appUITests */,
				9B36B1A225E4B02F008671E5 /* Products */,
			);
			sourceTree = "<group>";
		};
		9B36B1A225E4B02F008671E5 /* Products */ = {
			isa = PBXGroup;
			children = (
				9B36B1A125E4B02F008671E5 /* basic-swift-app.app */,
				9B36B1B725E4B034008671E5 /* basic-swift-appTests.xctest */,
				9B36B1C225E4B034008671E5 /* basic-swift-appUITests.xctest */,
			);
			name = Products;
			sourceTree = "<group>";
		};
		9B36B1A325E4B02F008671E5 /* basic-swift-app */ = {
			isa = PBXGroup;
			children = (
				9B36B1A425E4B02F008671E5 /* AppDelegate.swift */,
				9B36B1A625E4B02F008671E5 /* SceneDelegate.swift */,
				9B36B1A825E4B02F008671E5 /* SelfieDetailViewController.swift */,
				9B36B1F725E4B30F008671E5 /* SelfieListViewController.swift */,
				9B36B1D725E4B120008671E5 /* SelfieStore.swift */,
				9B36B1AA25E4B02F008671E5 /* Main.storyboard */,
				9B36B1AD25E4B033008671E5 /* Assets.xcassets */,
				9B36B1AF25E4B033008671E5 /* LaunchScreen.storyboard */,
				9B36B1B225E4B033008671E5 /* Info.plist */,
			);
			path = "basic-swift-app";
			sourceTree = "<group>";
		};
		9B36B1BA25E4B034008671E5 /* basic-swift-appTests */ = {
			isa = PBXGroup;
			children = (
				9B36B1E625E4B1E3008671E5 /* SelfieStoreTests.swift */,
				9B36B1BB25E4B034008671E5 /* basic_swift_appTests.swift */,
				9B36B1BD25E4B034008671E5 /* Info.plist */,
			);
			path = "basic-swift-appTests";
			sourceTree = "<group>";
		};
		9B36B1C525E4B034008671E5 /* basic-swift-appUITests */ = {
			isa = PBXGroup;
			children = (
				9B36B1C625E4B034008671E5 /* basic_swift_appUITests.swift */,
				9B36B1C825E4B034008671E5 /* Info.plist */,
			);
			path = "basic-swift-appUITests";
			sourceTree = "<group>";
		};
/* End PBXGroup section */

/* Begin PBXNativeTarget section */
		9B36B1A025E4B02F008671E5 /* basic-swift-app */ = {
			isa = PBXNativeTarget;
			buildConfigurationList = 9B36B1CB25E4B034008671E5 /* Build configuration list for PBXNativeTarget "basic-swift-app" */;
			buildPhases = (
				9B36B19D25E4B02F008671E5 /* Sources */,
				9B36B19E25E4B02F008671E5 /* Frameworks */,
				9B36B19F25E4B02F008671E5 /* Resources */,
			);
			buildRules = (
			);
			dependencies = (
			);
			name = "basic-swift-app";
			productName = "basic-swift-app";
			productReference = 9B36B1A125E4B02F008671E5 /* basic-swift-app.app */;
			productType = "com.apple.product-type.application";
		};
		9B36B1B625E4B034008671E5 /* basic-swift-appTests */ = {
			isa = PBXNativeTarget;
			buildConfigurationList = 9B36B1CE25E4B034008671E5 /* Build configuration list for PBXNativeTarget "basic-swift-appTests" */;
			buildPhases = (
				9B36B1B325E4B034008671E5 /* Sources */,
				9B36B1B425E4B034008671E5 /* Frameworks */,
				9B36B1B525E4B034008671E5 /* Resources */,
			);
			buildRules = (
			);
			dependencies = (
				9B36B1B925E4B034008671E5 /* PBXTargetDependency */,
			);
			name = "basic-swift-appTests";
			productName = "basic-swift-appTests";
			productReference = 9B36B1B725E4B034008671E5 /* basic-swift-appTests.xctest */;
			productType = "com.apple.product-type.bundle.unit-test";
		};
		9B36B1C125E4B034008671E5 /* basic-swift-appUITests */ = {
			isa = PBXNativeTarget;
			buildConfigurationList = 9B36B1D125E4B034008671E5 /* Build configuration list for PBXNativeTarget "basic-swift-appUITests" */;
			buildPhases = (
				9B36B1BE25E4B034008671E5 /* Sources */,
				9B36B1BF25E4B034008671E5 /* Frameworks */,
				9B36B1C025E4B034008671E5 /* Resources */,
			);
			buildRules = (
			);
			dependencies = (
				9B36B1C425E4B034008671E5 /* PBXTargetDependency */,
			);
			name = "basic-swift-appUITests";
			productName = "basic-swift-appUITests";
			productReference = 9B36B1C225E4B034008671E5 /* basic-swift-appUITests.xctest */;
			productType = "com.apple.product-type.bundle.ui-testing";
		};
/* End PBXNativeTarget section */

/* Begin PBXProject section */
		9B36B19925E4B02F008671E5 /* Project object */ = {
			isa = PBXProject;
			attributes = {
				LastSwiftUpdateCheck = 1240;
				LastUpgradeCheck = 1240;
				TargetAttributes = {
					9B36B1A025E4B02F008671E5 = {
						CreatedOnToolsVersion = 12.4;
					};
					9B36B1B625E4B034008671E5 = {
						CreatedOnToolsVersion = 12.4;
						TestTargetID = 9B36B1A025E4B02F008671E5;
					};
					9B36B1C125E4B034008671E5 = {
						CreatedOnToolsVersion = 12.4;
						TestTargetID = 9B36B1A025E4B02F008671E5;
					};
				};
			};
			buildConfigurationList = 9B36B19C25E4B02F008671E5 /* Build configuration list for PBXProject "basic-swift-app" */;
			compatibilityVersion = "Xcode 9.3";
			developmentRegion = en;
			hasScannedForEncodings = 0;
			knownRegions = (
				en,
				Base,
			);
			mainGroup = 9B36B19825E4B02F008671E5;
			productRefGroup = 9B36B1A225E4B02F008671E5 /* Products */;
			projectDirPath = "";
			projectRoot = "";
			targets = (
				9B36B1A025E4B02F008671E5 /* basic-swift-app */,
				9B36B1B625E4B034008671E5 /* basic-swift-appTests */,
				9B36B1C125E4B034008671E5 /* basic-swift-appUITests */,
			);
		};
/* End PBXProject section */

/* Begin PBXResourcesBuildPhase section */
		9B36B19F25E4B02F008671E5 /* Resources */ = {
			isa = PBXResourcesBuildPhase;
			buildActionMask = 2147483647;
			files = (
				9B36B1B125E4B033008671E5 /* LaunchScreen.storyboard in Resources */,
				9B36B1AE25E4B033008671E5 /* Assets.xcassets in Resources */,
				9B36B1AC25E4B02F008671E5 /* Main.storyboard in Resources */,
			);
			runOnlyForDeploymentPostprocessing = 0;
		};
		9B36B1B525E4B034008671E5 /* Resources */ = {
			isa = PBXResourcesBuildPhase;
			buildActionMask = 2147483647;
			files = (
			);
			runOnlyForDeploymentPostprocessing = 0;
		};
		9B36B1C025E4B034008671E5 /* Resources */ = {
			isa = PBXResourcesBuildPhase;
			buildActionMask = 2147483647;
			files = (
			);
			runOnlyForDeploymentPostprocessing = 0;
		};
/* End PBXResourcesBuildPhase section */

/* Begin PBXSourcesBuildPhase section */
		9B36B19D25E4B02F008671E5 /* Sources */ = {
			isa = PBXSourcesBuildPhase;
			buildActionMask = 2147483647;
			files = (
				9B36B1A925E4B02F008671E5 /* SelfieDetailViewController.swift in Sources */,
				9B36B1F825E4B30F008671E5 /* SelfieListViewController.swift in Sources */,
				9B36B1D825E4B121008671E5 /* SelfieStore.swift in Sources */,
				9B36B1A525E4B02F008671E5 /* AppDelegate.swift in Sources */,
				9B36B1A725E4B02F008671E5 /* SceneDelegate.swift in Sources */,
			);
			runOnlyForDeploymentPostprocessing = 0;
		};
		9B36B1B325E4B034008671E5 /* Sources */ = {
			isa = PBXSourcesBuildPhase;
			buildActionMask = 2147483647;
			files = (
				9B36B1BC25E4B034008671E5 /* basic_swift_appTests.swift in Sources */,
				9B36B1E725E4B1E3008671E5 /* SelfieStoreTests.swift in Sources */,
			);
			runOnlyForDeploymentPostprocessing = 0;
		};
		9B36B1BE25E4B034008671E5 /* Sources */ = {
			isa = PBXSourcesBuildPhase;
			buildActionMask = 2147483647;
			files = (
				9B36B1C725E4B034008671E5 /* basic_swift_appUITests.swift in Sources */,
			);
			runOnlyForDeploymentPostprocessing = 0;
		};
/* End PBXSourcesBuildPhase section */

/* Begin PBXTargetDependency section */
		9B36B1B925E4B034008671E5 /* PBXTargetDependency */ = {
			isa = PBXTargetDependency;
			target = 9B36B1A025E4B02F008671E5 /* basic-swift-app */;
			targetProxy = 9B36B1B825E4B034008671E5 /* PBXContainerItemProxy */;
		};
		9B36B1C425E4B034008671E5 /* PBXTargetDependency */ = {
			isa = PBXTargetDependency;
			target = 9B36B1A025E4B02F008671E5 /* basic-swift-app */;
			targetProxy = 9B36B1C325E4B034008671E5 /* PBXContainerItemProxy */;
		};
/* End PBXTargetDependency section */

/* Begin PBXVariantGroup section */
		9B36B1AA25E4B02F008671E5 /* Main.storyboard */ = {
			isa = PBXVariantGroup;
			children = (
				9B36B1AB25E4B02F008671E5 /* Base */,
			);
			name = Main.storyboard;
			sourceTree = "<group>";
		};
		9B36B1AF25E4B033008671E5 /* LaunchScreen.storyboard */ = {
			isa = PBXVariantGroup;
			children = (
				9B36B1B025E4B033008671E5 /* Base */,
			);
			name = LaunchScreen.storyboard;
			sourceTree = "<group>";
		};
/* End PBXVariantGroup section */

/* Begin XCBuildConfiguration section */
		9B36B1C925E4B034008671E5 /* Debug */ = {
			isa = XCBuildConfiguration;
			buildSettings = {
				ALWAYS_SEARCH_USER_PATHS = NO;
				CLANG_ANALYZER_NONNULL = YES;
				CLANG_ANALYZER_NUMBER_OBJECT_CONVERSION = YES_AGGRESSIVE;
				CLANG_CXX_LANGUAGE_STANDARD = "gnu++14";
				CLANG_CXX_LIBRARY = "libc++";
				CLANG_ENABLE_MODULES = YES;
				CLANG_ENABLE_OBJC_ARC = YES;
				CLANG_ENABLE_OBJC_WEAK = YES;
				CLANG_WARN_BLOCK_CAPTURE_AUTORELEASING = YES;
				CLANG_WARN_BOOL_CONVERSION = YES;
				CLANG_WARN_COMMA = YES;
				CLANG_WARN_CONSTANT_CONVERSION = YES;
				CLANG_WARN_DEPRECATED_OBJC_IMPLEMENTATIONS = YES;
				CLANG_WARN_DIRECT_OBJC_ISA_USAGE = YES_ERROR;
				CLANG_WARN_DOCUMENTATION_COMMENTS = YES;
				CLANG_WARN_EMPTY_BODY = YES;
				CLANG_WARN_ENUM_CONVERSION = YES;
				CLANG_WARN_INFINITE_RECURSION = YES;
				CLANG_WARN_INT_CONVERSION = YES;
				CLANG_WARN_NON_LITERAL_NULL_CONVERSION = YES;
				CLANG_WARN_OBJC_IMPLICIT_RETAIN_SELF = YES;
				CLANG_WARN_OBJC_LITERAL_CONVERSION = YES;
				CLANG_WARN_OBJC_ROOT_CLASS = YES_ERROR;
				CLANG_WARN_QUOTED_INCLUDE_IN_FRAMEWORK_HEADER = YES;
				CLANG_WARN_RANGE_LOOP_ANALYSIS = YES;
				CLANG_WARN_STRICT_PROTOTYPES = YES;
				CLANG_WARN_SUSPICIOUS_MOVE = YES;
				CLANG_WARN_UNGUARDED_AVAILABILITY = YES_AGGRESSIVE;
				CLANG_WARN_UNREACHABLE_CODE = YES;
				CLANG_WARN__DUPLICATE_METHOD_MATCH = YES;
				COPY_PHASE_STRIP = NO;
				DEBUG_INFORMATION_FORMAT = dwarf;
				ENABLE_STRICT_OBJC_MSGSEND = YES;
				ENABLE_TESTABILITY = YES;
				GCC_C_LANGUAGE_STANDARD = gnu11;
				GCC_DYNAMIC_NO_PIC = NO;
				GCC_NO_COMMON_BLOCKS = YES;
				GCC_OPTIMIZATION_LEVEL = 0;
				GCC_PREPROCESSOR_DEFINITIONS = (
					"DEBUG=1",
					"$(inherited)",
				);
				GCC_WARN_64_TO_32_BIT_CONVERSION = YES;
				GCC_WARN_ABOUT_RETURN_TYPE = YES_ERROR;
				GCC_WARN_UNDECLARED_SELECTOR = YES;
				GCC_WARN_UNINITIALIZED_AUTOS = YES_AGGRESSIVE;
				GCC_WARN_UNUSED_FUNCTION = YES;
				GCC_WARN_UNUSED_VARIABLE = YES;
				IPHONEOS_DEPLOYMENT_TARGET = 14.4;
				MTL_ENABLE_DEBUG_INFO = INCLUDE_SOURCE;
				MTL_FAST_MATH = YES;
				ONLY_ACTIVE_ARCH = YES;
				SDKROOT = iphoneos;
				SWIFT_ACTIVE_COMPILATION_CONDITIONS = DEBUG;
				SWIFT_OPTIMIZATION_LEVEL = "-Onone";
			};
			name = Debug;
		};
		9B36B1CA25E4B034008671E5 /* Release */ = {
			isa = XCBuildConfiguration;
			buildSettings = {
				ALWAYS_SEARCH_USER_PATHS = NO;
				CLANG_ANALYZER_NONNULL = YES;
				CLANG_ANALYZER_NUMBER_OBJECT_CONVERSION = YES_AGGRESSIVE;
				CLANG_CXX_LANGUAGE_STANDARD = "gnu++14";
				CLANG_CXX_LIBRARY = "libc++";
				CLANG_ENABLE_MODULES = YES;
				CLANG_ENABLE_OBJC_ARC = YES;
				CLANG_ENABLE_OBJC_WEAK = YES;
				CLANG_WARN_BLOCK_CAPTURE_AUTORELEASING = YES;
				CLANG_WARN_BOOL_CONVERSION = YES;
				CLANG_WARN_COMMA = YES;
				CLANG_WARN_CONSTANT_CONVERSION = YES;
				CLANG_WARN_DEPRECATED_OBJC_IMPLEMENTATIONS = YES;
				CLANG_WARN_DIRECT_OBJC_ISA_USAGE = YES_ERROR;
				CLANG_WARN_DOCUMENTATION_COMMENTS = YES;
				CLANG_WARN_EMPTY_BODY = YES;
				CLANG_WARN_ENUM_CONVERSION = YES;
				CLANG_WARN_INFINITE_RECURSION = YES;
				CLANG_WARN_INT_CONVERSION = YES;
				CLANG_WARN_NON_LITERAL_NULL_CONVERSION = YES;
				CLANG_WARN_OBJC_IMPLICIT_RETAIN_SELF = YES;
				CLANG_WARN_OBJC_LITERAL_CONVERSION = YES;
				CLANG_WARN_OBJC_ROOT_CLASS = YES_ERROR;
				CLANG_WARN_QUOTED_INCLUDE_IN_FRAMEWORK_HEADER = YES;
				CLANG_WARN_RANGE_LOOP_ANALYSIS = YES;
				CLANG_WARN_STRICT_PROTOTYPES = YES;
				CLANG_WARN_SUSPICIOUS_MOVE = YES;
				CLANG_WARN_UNGUARDED_AVAILABILITY = YES_AGGRESSIVE;
				CLANG_WARN_UNREACHABLE_CODE = YES;
				CLANG_WARN__DUPLICATE_METHOD_MATCH = YES;
				COPY_PHASE_STRIP = NO;
				DEBUG_INFORMATION_FORMAT = "dwarf-with-dsym";
				ENABLE_NS_ASSERTIONS = NO;
				ENABLE_STRICT_OBJC_MSGSEND = YES;
				GCC_C_LANGUAGE_STANDARD = gnu11;
				GCC_NO_COMMON_BLOCKS = YES;
				GCC_WARN_64_TO_32_BIT_CONVERSION = YES;
				GCC_WARN_ABOUT_RETURN_TYPE = YES_ERROR;
				GCC_WARN_UNDECLARED_SELECTOR = YES;
				GCC_WARN_UNINITIALIZED_AUTOS = YES_AGGRESSIVE;
				GCC_WARN_UNUSED_FUNCTION = YES;
				GCC_WARN_UNUSED_VARIABLE = YES;
				IPHONEOS_DEPLOYMENT_TARGET = 14.4;
				MTL_ENABLE_DEBUG_INFO = NO;
				MTL_FAST_MATH = YES;
				SDKROOT = iphoneos;
				SWIFT_COMPILATION_MODE = wholemodule;
				SWIFT_OPTIMIZATION_LEVEL = "-O";
				VALIDATE_PRODUCT = YES;
			};
			name = Release;
		};
		9B36B1CC25E4B034008671E5 /* Debug */ = {
			isa = XCBuildConfiguration;
			buildSettings = {
				ASSETCATALOG_COMPILER_APPICON_NAME = AppIcon;
				ASSETCATALOG_COMPILER_GLOBAL_ACCENT_COLOR_NAME = AccentColor;
				CODE_SIGN_STYLE = Automatic;
				INFOPLIST_FILE = "basic-swift-app/Info.plist";
				LD_RUNPATH_SEARCH_PATHS = (
					"$(inherited)",
					"@executable_path/Frameworks",
				);
				PRODUCT_BUNDLE_IDENTIFIER = "jjz.basic-swift-app";
				PRODUCT_NAME = "$(TARGET_NAME)";
				SWIFT_VERSION = 5.0;
				TARGETED_DEVICE_FAMILY = "1,2";
			};
			name = Debug;
		};
		9B36B1CD25E4B034008671E5 /* Release */ = {
			isa = XCBuildConfiguration;
			buildSettings = {
				ASSETCATALOG_COMPILER_APPICON_NAME = AppIcon;
				ASSETCATALOG_COMPILER_GLOBAL_ACCENT_COLOR_NAME = AccentColor;
				CODE_SIGN_STYLE = Automatic;
				INFOPLIST_FILE = "basic-swift-app/Info.plist";
				LD_RUNPATH_SEARCH_PATHS = (
					"$(inherited)",
					"@executable_path/Frameworks",
				);
				PRODUCT_BUNDLE_IDENTIFIER = "jjz.basic-swift-app";
				PRODUCT_NAME = "$(TARGET_NAME)";
				SWIFT_VERSION = 5.0;
				TARGETED_DEVICE_FAMILY = "1,2";
			};
			name = Release;
		};
		9B36B1CF25E4B034008671E5 /* Debug */ = {
			isa = XCBuildConfiguration;
			buildSettings = {
				ALWAYS_EMBED_SWIFT_STANDARD_LIBRARIES = YES;
				BUNDLE_LOADER = "$(TEST_HOST)";
				CODE_SIGN_STYLE = Automatic;
				INFOPLIST_FILE = "basic-swift-appTests/Info.plist";
				IPHONEOS_DEPLOYMENT_TARGET = 14.4;
				LD_RUNPATH_SEARCH_PATHS = (
					"$(inherited)",
					"@executable_path/Frameworks",
					"@loader_path/Frameworks",
				);
				PRODUCT_BUNDLE_IDENTIFIER = "jjz.basic-swift-appTests";
				PRODUCT_NAME = "$(TARGET_NAME)";
				SWIFT_VERSION = 5.0;
				TARGETED_DEVICE_FAMILY = "1,2";
				TEST_HOST = "$(BUILT_PRODUCTS_DIR)/basic-swift-app.app/basic-swift-app";
			};
			name = Debug;
		};
		9B36B1D025E4B034008671E5 /* Release */ = {
			isa = XCBuildConfiguration;
			buildSettings = {
				ALWAYS_EMBED_SWIFT_STANDARD_LIBRARIES = YES;
				BUNDLE_LOADER = "$(TEST_HOST)";
				CODE_SIGN_STYLE = Automatic;
				INFOPLIST_FILE = "basic-swift-appTests/Info.plist";
				IPHONEOS_DEPLOYMENT_TARGET = 14.4;
				LD_RUNPATH_SEARCH_PATHS = (
					"$(inherited)",
					"@executable_path/Frameworks",
					"@loader_path/Frameworks",
				);
				PRODUCT_BUNDLE_IDENTIFIER = "jjz.basic-swift-appTests";
				PRODUCT_NAME = "$(TARGET_NAME)";
				SWIFT_VERSION = 5.0;
				TARGETED_DEVICE_FAMILY = "1,2";
				TEST_HOST = "$(BUILT_PRODUCTS_DIR)/basic-swift-app.app/basic-swift-app";
			};
			name = Release;
		};
		9B36B1D225E4B034008671E5 /* Debug */ = {
			isa = XCBuildConfiguration;
			buildSettings = {
				ALWAYS_EMBED_SWIFT_STANDARD_LIBRARIES = YES;
				CODE_SIGN_STYLE = Automatic;
				INFOPLIST_FILE = "basic-swift-appUITests/Info.plist";
				LD_RUNPATH_SEARCH_PATHS = (
					"$(inherited)",
					"@executable_path/Frameworks",
					"@loader_path/Frameworks",
				);
				PRODUCT_BUNDLE_IDENTIFIER = "jjz.basic-swift-appUITests";
				PRODUCT_NAME = "$(TARGET_NAME)";
				SWIFT_VERSION = 5.0;
				TARGETED_DEVICE_FAMILY = "1,2";
				TEST_TARGET_NAME = "basic-swift-app";
			};
			name = Debug;
		};
		9B36B1D325E4B034008671E5 /* Release */ = {
			isa = XCBuildConfiguration;
			buildSettings = {
				ALWAYS_EMBED_SWIFT_STANDARD_LIBRARIES = YES;
				CODE_SIGN_STYLE = Automatic;
				INFOPLIST_FILE = "basic-swift-appUITests/Info.plist";
				LD_RUNPATH_SEARCH_PATHS = (
					"$(inherited)",
					"@executable_path/Frameworks",
					"@loader_path/Frameworks",
				);
				PRODUCT_BUNDLE_IDENTIFIER = "jjz.basic-swift-appUITests";
				PRODUCT_NAME = "$(TARGET_NAME)";
				SWIFT_VERSION = 5.0;
				TARGETED_DEVICE_FAMILY = "1,2";
				TEST_TARGET_NAME = "basic-swift-app";
			};
			name = Release;
		};
/* End XCBuildConfiguration section */

/* Begin XCConfigurationList section */
		9B36B19C25E4B02F008671E5 /* Build configuration list for PBXProject "basic-swift-app" */ = {
			isa = XCConfigurationList;
			buildConfigurations = (
				9B36B1C925E4B034008671E5 /* Debug */,
				9B36B1CA25E4B034008671E5 /* Release */,
			);
			defaultConfigurationIsVisible = 0;
			defaultConfigurationName = Release;
		};
		9B36B1CB25E4B034008671E5 /* Build configuration list for PBXNativeTarget "basic-swift-app" */ = {
			isa = XCConfigurationList;
			buildConfigurations = (
				9B36B1CC25E4B034008671E5 /* Debug */,
				9B36B1CD25E4B034008671E5 /* Release */,
			);
			defaultConfigurationIsVisible = 0;
			defaultConfigurationName = Release;
		};
		9B36B1CE25E4B034008671E5 /* Build configuration list for PBXNativeTarget "basic-swift-appTests" */ = {
			isa = XCConfigurationList;
			buildConfigurations = (
				9B36B1CF25E4B034008671E5 /* Debug */,
				9B36B1D025E4B034008671E5 /* Release */,
			);
			defaultConfigurationIsVisible = 0;
			defaultConfigurationName = Release;
		};
		9B36B1D125E4B034008671E5 /* Build configuration list for PBXNativeTarget "basic-swift-appUITests" */ = {
			isa = XCConfigurationList;
			buildConfigurations = (
				9B36B1D225E4B034008671E5 /* Debug */,
				9B36B1D325E4B034008671E5 /* Release */,
			);
			defaultConfigurationIsVisible = 0;
			defaultConfigurationName = Release;
		};
/* End XCConfigurationList section */
	};
	rootObject = 9B36B19925E4B02F008671E5 /* Project object */;
}
